
Microsoft Visual Studio Solution File, Format Version 12.00
# Visual Studio Version 16
VisualStudioVersion = 16.0.31605.320
MinimumVisualStudioVersion = 10.0.40219.1
Project("{FAE04EC0-301F-11D3-BF4B-00C04F79EFBC}") = "AntiSuicide", "AntiSuicide.csproj", "{2F17082E-E74C-4229-B56E-8AD42AD3EACE}"
EndProject
Global
	GlobalSection(SolutionConfigurationPlatforms) = preSolution
		Debug|Any CPU = Debug|Any CPU
		Release|Any CPU = Release|Any CPU
	EndGlobalSection
	GlobalSection(ProjectConfigurationPlatforms) = postSolution
		{2F17082E-E74C-4229-B56E-8AD42AD3EACE}.Debug|Any CPU.ActiveCfg = Debug|Any CPU
		{2F17082E-E74C-4229-B56E-8AD42AD3EACE}.Debug|Any CPU.Build.0 = Debug|Any CPU
		{2F17082E-E74C-4229-B56E-8AD42AD3EACE}.Release|Any CPU.ActiveCfg = Release|Any CPU
		{2F17082E-E74C-4229-B56E-8AD42AD3EACE}.Release|Any CPU.Build.0 = Release|Any CPU
	EndGlobalSection
	GlobalSection(SolutionProperties) = preSolution
		HideSolutionNode = FALSE
	EndGlobalSection
	GlobalSection(ExtensibilityGlobals) = postSolution
		SolutionGuid = {7E4DAFE6-8F8A-46EA-A2DC-C4A6E06E1322}
	EndGlobalSection
EndGlobal
